
Microsoft Visual Studio Solution File, Format Version 12.00
# Visual Studio Version 16
VisualStudioVersion = 16.0.30114.105
MinimumVisualStudioVersion = 10.0.40219.1
Project("{FAE04EC0-301F-11D3-BF4B-00C04F79EFBC}") = "TDDDemo02", "TDDDemo02\TDDDemo02.csproj", "{212418F4-AB26-40BA-B3BC-6F4F1DC70D0D}"
EndProject
Global
	GlobalSection(SolutionConfigurationPlatforms) = preSolution
		Debug|Any CPU = Debug|Any CPU
		Release|Any CPU = Release|Any CPU
	EndGlobalSection
	GlobalSection(ProjectConfigurationPlatforms) = postSolution
		{212418F4-AB26-40BA-B3BC-6F4F1DC70D0D}.Debug|Any CPU.ActiveCfg = Debug|Any CPU
		{212418F4-AB26-40BA-B3BC-6F4F1DC70D0D}.Debug|Any CPU.Build.0 = Debug|Any CPU
		{212418F4-AB26-40BA-B3BC-6F4F1DC70D0D}.Release|Any CPU.ActiveCfg = Release|Any CPU
		{212418F4-AB26-40BA-B3BC-6F4F1DC70D0D}.Release|Any CPU.Build.0 = Release|Any CPU
	EndGlobalSection
	GlobalSection(SolutionProperties) = preSolution
		HideSolutionNode = FALSE
	EndGlobalSection
	GlobalSection(ExtensibilityGlobals) = postSolution
		SolutionGuid = {C6F5F82D-EC93-4F13-A559-0B13B1EFA1F5}
	EndGlobalSection
EndGlobal
