
Microsoft Visual Studio Solution File, Format Version 12.00
# Visual Studio Version 16
VisualStudioVersion = 16.0.30114.105
MinimumVisualStudioVersion = 10.0.40219.1
Project("{FAE04EC0-301F-11D3-BF4B-00C04F79EFBC}") = "ODDService", "ODDService\ODDService.csproj", "{69F15B64-9823-4689-882C-1769275E7DF5}"
EndProject
Project("{FAE04EC0-301F-11D3-BF4B-00C04F79EFBC}") = "ODDServiceTests", "ODDSericeTests\ODDServiceTests.csproj", "{1C746F2F-65D8-4D20-85B7-A3CCA7F5573E}"
EndProject
Global
	GlobalSection(SolutionConfigurationPlatforms) = preSolution
		Debug|Any CPU = Debug|Any CPU
		Release|Any CPU = Release|Any CPU
	EndGlobalSection
	GlobalSection(ProjectConfigurationPlatforms) = postSolution
		{69F15B64-9823-4689-882C-1769275E7DF5}.Debug|Any CPU.ActiveCfg = Debug|Any CPU
		{69F15B64-9823-4689-882C-1769275E7DF5}.Debug|Any CPU.Build.0 = Debug|Any CPU
		{69F15B64-9823-4689-882C-1769275E7DF5}.Release|Any CPU.ActiveCfg = Release|Any CPU
		{69F15B64-9823-4689-882C-1769275E7DF5}.Release|Any CPU.Build.0 = Release|Any CPU
		{1C746F2F-65D8-4D20-85B7-A3CCA7F5573E}.Debug|Any CPU.ActiveCfg = Debug|Any CPU
		{1C746F2F-65D8-4D20-85B7-A3CCA7F5573E}.Debug|Any CPU.Build.0 = Debug|Any CPU
		{1C746F2F-65D8-4D20-85B7-A3CCA7F5573E}.Release|Any CPU.ActiveCfg = Release|Any CPU
		{1C746F2F-65D8-4D20-85B7-A3CCA7F5573E}.Release|Any CPU.Build.0 = Release|Any CPU
	EndGlobalSection
	GlobalSection(SolutionProperties) = preSolution
		HideSolutionNode = FALSE
	EndGlobalSection
	GlobalSection(ExtensibilityGlobals) = postSolution
		SolutionGuid = {773400DD-1C69-41DC-9C0D-9748C327B2DB}
	EndGlobalSection
EndGlobal
